
Microsoft Visual Studio Solution File, Format Version 12.00
# Visual Studio 14
VisualStudioVersion = 14.0.25420.1
MinimumVisualStudioVersion = 10.0.40219.1
Project("{FAE04EC0-301F-11D3-BF4B-00C04F79EFBC}") = "SelfHostedResourceService", "SelfHostedResourceService\SelfHostedResourceService.csproj", "{F3A05DF2-0B87-4C0D-90DF-926A1AEFCE31}"
EndProject
Project("{FAE04EC0-301F-11D3-BF4B-00C04F79EFBC}") = "ResourcesClient", "ResourcesClient\ResourcesClient.csproj", "{EAE396CD-41E4-4886-8181-CDDE3A0E50F3}"
EndProject
Project("{FAE04EC0-301F-11D3-BF4B-00C04F79EFBC}") = "DiscoveryServiceClient", "DiscoveryServiceClient\DiscoveryServiceClient.csproj", "{6AE631BD-47CF-4D65-B755-846FC7A8CF99}"
EndProject
Project("{FAE04EC0-301F-11D3-BF4B-00C04F79EFBC}") = "ResourcesManagerService", "ResourcesManagerService\ResourcesManagerService.csproj", "{F5C3A561-69D3-4E90-A386-22EE28C27A3E}"
EndProject
Global
	GlobalSection(SolutionConfigurationPlatforms) = preSolution
		Debug|Any CPU = Debug|Any CPU
		Release|Any CPU = Release|Any CPU
	EndGlobalSection
	GlobalSection(ProjectConfigurationPlatforms) = postSolution
		{F3A05DF2-0B87-4C0D-90DF-926A1AEFCE31}.Debug|Any CPU.ActiveCfg = Debug|Any CPU
		{F3A05DF2-0B87-4C0D-90DF-926A1AEFCE31}.Debug|Any CPU.Build.0 = Debug|Any CPU
		{F3A05DF2-0B87-4C0D-90DF-926A1AEFCE31}.Release|Any CPU.ActiveCfg = Release|Any CPU
		{F3A05DF2-0B87-4C0D-90DF-926A1AEFCE31}.Release|Any CPU.Build.0 = Release|Any CPU
		{EAE396CD-41E4-4886-8181-CDDE3A0E50F3}.Debug|Any CPU.ActiveCfg = Debug|Any CPU
		{EAE396CD-41E4-4886-8181-CDDE3A0E50F3}.Debug|Any CPU.Build.0 = Debug|Any CPU
		{EAE396CD-41E4-4886-8181-CDDE3A0E50F3}.Release|Any CPU.ActiveCfg = Release|Any CPU
		{EAE396CD-41E4-4886-8181-CDDE3A0E50F3}.Release|Any CPU.Build.0 = Release|Any CPU
		{6AE631BD-47CF-4D65-B755-846FC7A8CF99}.Debug|Any CPU.ActiveCfg = Debug|Any CPU
		{6AE631BD-47CF-4D65-B755-846FC7A8CF99}.Debug|Any CPU.Build.0 = Debug|Any CPU
		{6AE631BD-47CF-4D65-B755-846FC7A8CF99}.Release|Any CPU.ActiveCfg = Release|Any CPU
		{6AE631BD-47CF-4D65-B755-846FC7A8CF99}.Release|Any CPU.Build.0 = Release|Any CPU
		{F5C3A561-69D3-4E90-A386-22EE28C27A3E}.Debug|Any CPU.ActiveCfg = Debug|Any CPU
		{F5C3A561-69D3-4E90-A386-22EE28C27A3E}.Debug|Any CPU.Build.0 = Debug|Any CPU
		{F5C3A561-69D3-4E90-A386-22EE28C27A3E}.Release|Any CPU.ActiveCfg = Release|Any CPU
		{F5C3A561-69D3-4E90-A386-22EE28C27A3E}.Release|Any CPU.Build.0 = Release|Any CPU
	EndGlobalSection
	GlobalSection(SolutionProperties) = preSolution
		HideSolutionNode = FALSE
	EndGlobalSection
EndGlobal
